[root]
name = "ludopuer"
version = "0.1.0"
dependencies = [
 "clippy 0.0.71 (git+https://github.com/Manishearth/rust-clippy)",
]

[[package]]
name = "clippy"
version = "0.0.71"
source = "git+https://github.com/Manishearth/rust-clippy#d7df882fa0b6c1c02afa8b8d1b8a5e9c434cbc3d"
dependencies = [
 "clippy_lints 0.0.71 (git+https://github.com/Manishearth/rust-clippy)",
 "quine-mc_cluskey 0.2.2 (registry+https://github.com/rust-lang/crates.io-index)",
 "regex-syntax 0.3.3 (registry+https://github.com/rust-lang/crates.io-index)",
 "rustc-serialize 0.3.19 (registry+https://github.com/rust-lang/crates.io-index)",
 "semver 0.2.3 (registry+https://github.com/rust-lang/crates.io-index)",
 "toml 0.1.30 (registry+https://github.com/rust-lang/crates.io-index)",
 "unicode-normalization 0.1.2 (registry+https://github.com/rust-lang/crates.io-index)",
]

[[package]]
name = "clippy_lints"
version = "0.0.71"
source = "git+https://github.com/Manishearth/rust-clippy#d7df882fa0b6c1c02afa8b8d1b8a5e9c434cbc3d"
dependencies = [
 "quine-mc_cluskey 0.2.2 (registry+https://github.com/rust-lang/crates.io-index)",
 "regex-syntax 0.3.3 (registry+https://github.com/rust-lang/crates.io-index)",
 "rustc-serialize 0.3.19 (registry+https://github.com/rust-lang/crates.io-index)",
 "semver 0.2.3 (registry+https://github.com/rust-lang/crates.io-index)",
 "toml 0.1.30 (registry+https://github.com/rust-lang/crates.io-index)",
 "unicode-normalization 0.1.2 (registry+https://github.com/rust-lang/crates.io-index)",
]

[[package]]
name = "nom"
version = "1.2.3"
source = "registry+https://github.com/rust-lang/crates.io-index"

[[package]]
name = "quine-mc_cluskey"
version = "0.2.2"
source = "registry+https://github.com/rust-lang/crates.io-index"

[[package]]
name = "regex-syntax"
version = "0.3.3"
source = "registry+https://github.com/rust-lang/crates.io-index"

[[package]]
name = "rustc-serialize"
version = "0.3.19"
source = "registry+https://github.com/rust-lang/crates.io-index"

[[package]]
name = "semver"
version = "0.2.3"
source = "registry+https://github.com/rust-lang/crates.io-index"
dependencies = [
 "nom 1.2.3 (registry+https://github.com/rust-lang/crates.io-index)",
]

[[package]]
name = "toml"
version = "0.1.30"
source = "registry+https://github.com/rust-lang/crates.io-index"
dependencies = [
 "rustc-serialize 0.3.19 (registry+https://github.com/rust-lang/crates.io-index)",
]

[[package]]
name = "unicode-normalization"
version = "0.1.2"
source = "registry+https://github.com/rust-lang/crates.io-index"

